<?xml version="1.0" encoding="UTF-8" standalone="yes" ?>
<CodeBlocks_project_file>
   <FileVersion major="1" minor="6" />
   <Project>
      <Option title="JPScore" />
      <Option makefile_is_custom="1" />
      <Option compiler="gcc" />
      <Option virtualFolders="CMake Files\;" />
      <Build>
      <Target title="all">
         <Option working_dir="/home0/ar.graf/jps_all/jpscore" />
         <Option type="4" />
         <MakeCommands>
            <Build command="/usr/bin/gmake -f &quot;/home0/ar.graf/jps_all/jpscore/Makefile&quot;  VERBOSE=1 all" />
            <CompileFile command="/usr/bin/gmake -f &quot;/home0/ar.graf/jps_all/jpscore/Makefile&quot;  VERBOSE=1 &quot;$file&quot;" />
            <Clean command="/usr/bin/gmake -f &quot;/home0/ar.graf/jps_all/jpscore/Makefile&quot;  VERBOSE=1 clean" />
            <DistClean command="/usr/bin/gmake -f &quot;/home0/ar.graf/jps_all/jpscore/Makefile&quot;  VERBOSE=1 clean" />
         </MakeCommands>
      </Target>
      <Target title="core">
         <Option output="/home0/ar.graf/jps_all/jpscore/lib/Release/libcore.a" prefix_auto="0" extension_auto="0" />
         <Option working_dir="/home0/ar.graf/jps_all/jpscore" />
         <Option object_output="./" />
         <Option type="2" />
         <Option compiler="gcc" />
         <Compiler>
            <Add directory="/usr/include" />
            <Add directory="/usr/include/c++/4.8" />
            <Add directory="/usr/include/c++/4.8/backward" />
            <Add directory="/usr/include/c++/4.8/x86_64-suse-linux" />
            <Add directory="/usr/lib64/gcc/x86_64-suse-linux/4.8/../../../../x86_64-suse-linux/include" />
            <Add directory="/usr/lib64/gcc/x86_64-suse-linux/4.8/include" />
            <Add directory="/usr/lib64/gcc/x86_64-suse-linux/4.8/include-fixed" />
            <Add directory="/usr/local/include" />
         </Compiler>
         <MakeCommands>
            <Build command="/usr/bin/gmake -f &quot;/home0/ar.graf/jps_all/jpscore/Makefile&quot;  VERBOSE=1 core" />
            <CompileFile command="/usr/bin/gmake -f &quot;/home0/ar.graf/jps_all/jpscore/Makefile&quot;  VERBOSE=1 &quot;$file&quot;" />
            <Clean command="/usr/bin/gmake -f &quot;/home0/ar.graf/jps_all/jpscore/Makefile&quot;  VERBOSE=1 clean" />
            <DistClean command="/usr/bin/gmake -f &quot;/home0/ar.graf/jps_all/jpscore/Makefile&quot;  VERBOSE=1 clean" />
         </MakeCommands>
      </Target>
      <Target title="core/fast">
         <Option output="/home0/ar.graf/jps_all/jpscore/lib/Release/libcore.a" prefix_auto="0" extension_auto="0" />
         <Option working_dir="/home0/ar.graf/jps_all/jpscore" />
         <Option object_output="./" />
         <Option type="2" />
         <Option compiler="gcc" />
         <Compiler>
            <Add directory="/usr/include" />
            <Add directory="/usr/include/c++/4.8" />
            <Add directory="/usr/include/c++/4.8/backward" />
            <Add directory="/usr/include/c++/4.8/x86_64-suse-linux" />
            <Add directory="/usr/lib64/gcc/x86_64-suse-linux/4.8/../../../../x86_64-suse-linux/include" />
            <Add directory="/usr/lib64/gcc/x86_64-suse-linux/4.8/include" />
            <Add directory="/usr/lib64/gcc/x86_64-suse-linux/4.8/include-fixed" />
            <Add directory="/usr/local/include" />
         </Compiler>
         <MakeCommands>
            <Build command="/usr/bin/gmake -f &quot;/home0/ar.graf/jps_all/jpscore/Makefile&quot;  VERBOSE=1 core/fast" />
            <CompileFile command="/usr/bin/gmake -f &quot;/home0/ar.graf/jps_all/jpscore/Makefile&quot;  VERBOSE=1 &quot;$file&quot;" />
            <Clean command="/usr/bin/gmake -f &quot;/home0/ar.graf/jps_all/jpscore/Makefile&quot;  VERBOSE=1 clean" />
            <DistClean command="/usr/bin/gmake -f &quot;/home0/ar.graf/jps_all/jpscore/Makefile&quot;  VERBOSE=1 clean" />
         </MakeCommands>
      </Target>
      <Target title="doc">
         <Option working_dir="/home0/ar.graf/jps_all/jpscore" />
         <Option type="4" />
         <MakeCommands>
            <Build command="/usr/bin/gmake -f &quot;/home0/ar.graf/jps_all/jpscore/Makefile&quot;  VERBOSE=1 doc" />
            <CompileFile command="/usr/bin/gmake -f &quot;/home0/ar.graf/jps_all/jpscore/Makefile&quot;  VERBOSE=1 &quot;$file&quot;" />
            <Clean command="/usr/bin/gmake -f &quot;/home0/ar.graf/jps_all/jpscore/Makefile&quot;  VERBOSE=1 clean" />
            <DistClean command="/usr/bin/gmake -f &quot;/home0/ar.graf/jps_all/jpscore/Makefile&quot;  VERBOSE=1 clean" />
         </MakeCommands>
      </Target>
      <Target title="jpscore">
         <Option output="/home0/ar.graf/jps_all/jpscore/bin/jpscore" prefix_auto="0" extension_auto="0" />
         <Option working_dir="/home0/ar.graf/jps_all/jpscore/bin" />
         <Option object_output="./" />
         <Option type="1" />
         <Option compiler="gcc" />
         <Compiler>
            <Add directory="/usr/include" />
            <Add directory="/usr/include/c++/4.8" />
            <Add directory="/usr/include/c++/4.8/backward" />
            <Add directory="/usr/include/c++/4.8/x86_64-suse-linux" />
            <Add directory="/usr/lib64/gcc/x86_64-suse-linux/4.8/../../../../x86_64-suse-linux/include" />
            <Add directory="/usr/lib64/gcc/x86_64-suse-linux/4.8/include" />
            <Add directory="/usr/lib64/gcc/x86_64-suse-linux/4.8/include-fixed" />
            <Add directory="/usr/local/include" />
         </Compiler>
         <MakeCommands>
            <Build command="/usr/bin/gmake -f &quot;/home0/ar.graf/jps_all/jpscore/Makefile&quot;  VERBOSE=1 jpscore" />
            <CompileFile command="/usr/bin/gmake -f &quot;/home0/ar.graf/jps_all/jpscore/Makefile&quot;  VERBOSE=1 &quot;$file&quot;" />
            <Clean command="/usr/bin/gmake -f &quot;/home0/ar.graf/jps_all/jpscore/Makefile&quot;  VERBOSE=1 clean" />
            <DistClean command="/usr/bin/gmake -f &quot;/home0/ar.graf/jps_all/jpscore/Makefile&quot;  VERBOSE=1 clean" />
         </MakeCommands>
      </Target>
      <Target title="jpscore/fast">
         <Option output="/home0/ar.graf/jps_all/jpscore/bin/jpscore" prefix_auto="0" extension_auto="0" />
         <Option working_dir="/home0/ar.graf/jps_all/jpscore/bin" />
         <Option object_output="./" />
         <Option type="1" />
         <Option compiler="gcc" />
         <Compiler>
            <Add directory="/usr/include" />
            <Add directory="/usr/include/c++/4.8" />
            <Add directory="/usr/include/c++/4.8/backward" />
            <Add directory="/usr/include/c++/4.8/x86_64-suse-linux" />
            <Add directory="/usr/lib64/gcc/x86_64-suse-linux/4.8/../../../../x86_64-suse-linux/include" />
            <Add directory="/usr/lib64/gcc/x86_64-suse-linux/4.8/include" />
            <Add directory="/usr/lib64/gcc/x86_64-suse-linux/4.8/include-fixed" />
            <Add directory="/usr/local/include" />
         </Compiler>
         <MakeCommands>
            <Build command="/usr/bin/gmake -f &quot;/home0/ar.graf/jps_all/jpscore/Makefile&quot;  VERBOSE=1 jpscore/fast" />
            <CompileFile command="/usr/bin/gmake -f &quot;/home0/ar.graf/jps_all/jpscore/Makefile&quot;  VERBOSE=1 &quot;$file&quot;" />
            <Clean command="/usr/bin/gmake -f &quot;/home0/ar.graf/jps_all/jpscore/Makefile&quot;  VERBOSE=1 clean" />
            <DistClean command="/usr/bin/gmake -f &quot;/home0/ar.graf/jps_all/jpscore/Makefile&quot;  VERBOSE=1 clean" />
         </MakeCommands>
      </Target>
      <Target title="rebuild_cache">
         <Option working_dir="/home0/ar.graf/jps_all/jpscore" />
         <Option type="4" />
         <MakeCommands>
            <Build command="/usr/bin/gmake -f &quot;/home0/ar.graf/jps_all/jpscore/Makefile&quot;  VERBOSE=1 rebuild_cache" />
            <CompileFile command="/usr/bin/gmake -f &quot;/home0/ar.graf/jps_all/jpscore/Makefile&quot;  VERBOSE=1 &quot;$file&quot;" />
            <Clean command="/usr/bin/gmake -f &quot;/home0/ar.graf/jps_all/jpscore/Makefile&quot;  VERBOSE=1 clean" />
            <DistClean command="/usr/bin/gmake -f &quot;/home0/ar.graf/jps_all/jpscore/Makefile&quot;  VERBOSE=1 clean" />
         </MakeCommands>
      </Target>
      </Build>
      <Unit filename="/home0/ar.graf/jps_all/jpscore/IO/IODispatcher.cpp">
      </Unit>
      <Unit filename="/home0/ar.graf/jps_all/jpscore/IO/OutputHandler.cpp">
      </Unit>
      <Unit filename="/home0/ar.graf/jps_all/jpscore/IO/TraVisToClient.cpp">
      </Unit>
      <Unit filename="/home0/ar.graf/jps_all/jpscore/Simulation.cpp">
      </Unit>
      <Unit filename="/home0/ar.graf/jps_all/jpscore/events/EventManager.cpp">
      </Unit>
      <Unit filename="/home0/ar.graf/jps_all/jpscore/general/ArgumentParser.cpp">
      </Unit>
      <Unit filename="/home0/ar.graf/jps_all/jpscore/geometry/Building.cpp">
      </Unit>
      <Unit filename="/home0/ar.graf/jps_all/jpscore/geometry/Crossing.cpp">
      </Unit>
      <Unit filename="/home0/ar.graf/jps_all/jpscore/geometry/Goal.cpp">
      </Unit>
      <Unit filename="/home0/ar.graf/jps_all/jpscore/geometry/Hline.cpp">
      </Unit>
      <Unit filename="/home0/ar.graf/jps_all/jpscore/geometry/Line.cpp">
      </Unit>
      <Unit filename="/home0/ar.graf/jps_all/jpscore/geometry/NavLine.cpp">
      </Unit>
      <Unit filename="/home0/ar.graf/jps_all/jpscore/geometry/Obstacle.cpp">
      </Unit>
      <Unit filename="/home0/ar.graf/jps_all/jpscore/geometry/Point.cpp">
      </Unit>
      <Unit filename="/home0/ar.graf/jps_all/jpscore/geometry/Room.cpp">
      </Unit>
      <Unit filename="/home0/ar.graf/jps_all/jpscore/geometry/SubRoom.cpp">
      </Unit>
      <Unit filename="/home0/ar.graf/jps_all/jpscore/geometry/Transition.cpp">
      </Unit>
      <Unit filename="/home0/ar.graf/jps_all/jpscore/geometry/Wall.cpp">
      </Unit>
      <Unit filename="/home0/ar.graf/jps_all/jpscore/main.cpp">
      </Unit>
      <Unit filename="/home0/ar.graf/jps_all/jpscore/math/ForceModel.cpp">
      </Unit>
      <Unit filename="/home0/ar.graf/jps_all/jpscore/math/GCFMModel.cpp">
      </Unit>
      <Unit filename="/home0/ar.graf/jps_all/jpscore/math/GompertzModel.cpp">
      </Unit>
      <Unit filename="/home0/ar.graf/jps_all/jpscore/math/GradientModel.cpp">
      </Unit>
      <Unit filename="/home0/ar.graf/jps_all/jpscore/math/Mathematics.cpp">
      </Unit>
      <Unit filename="/home0/ar.graf/jps_all/jpscore/math/ODESolver.cpp">
      </Unit>
      <Unit filename="/home0/ar.graf/jps_all/jpscore/mpi/LCGrid.cpp">
      </Unit>
      <Unit filename="/home0/ar.graf/jps_all/jpscore/pedestrian/AgentsParameters.cpp">
      </Unit>
      <Unit filename="/home0/ar.graf/jps_all/jpscore/pedestrian/Ellipse.cpp">
      </Unit>
      <Unit filename="/home0/ar.graf/jps_all/jpscore/pedestrian/PedDistributor.cpp">
      </Unit>
      <Unit filename="/home0/ar.graf/jps_all/jpscore/pedestrian/Pedestrian.cpp">
      </Unit>
      <Unit filename="/home0/ar.graf/jps_all/jpscore/poly2tri/common/shapes.cpp">
      </Unit>
      <Unit filename="/home0/ar.graf/jps_all/jpscore/poly2tri/sweep/advancing_front.cpp">
      </Unit>
      <Unit filename="/home0/ar.graf/jps_all/jpscore/poly2tri/sweep/cdt.cpp">
      </Unit>
      <Unit filename="/home0/ar.graf/jps_all/jpscore/poly2tri/sweep/sweep.cpp">
      </Unit>
      <Unit filename="/home0/ar.graf/jps_all/jpscore/poly2tri/sweep/sweep_context.cpp">
      </Unit>
      <Unit filename="/home0/ar.graf/jps_all/jpscore/routing/AccessPoint.cpp">
      </Unit>
      <Unit filename="/home0/ar.graf/jps_all/jpscore/routing/CognitiveMapRouter.cpp">
      </Unit>
      <Unit filename="/home0/ar.graf/jps_all/jpscore/routing/DTriangulation.cpp">
      </Unit>
      <Unit filename="/home0/ar.graf/jps_all/jpscore/routing/DirectionStrategy.cpp">
      </Unit>
      <Unit filename="/home0/ar.graf/jps_all/jpscore/routing/DummyRouter.cpp">
      </Unit>
      <Unit filename="/home0/ar.graf/jps_all/jpscore/routing/GlobalRouter.cpp">
      </Unit>
      <Unit filename="/home0/ar.graf/jps_all/jpscore/routing/GraphRouter.cpp">
      </Unit>
      <Unit filename="/home0/ar.graf/jps_all/jpscore/routing/MeshRouter.cpp">
      </Unit>
      <Unit filename="/home0/ar.graf/jps_all/jpscore/routing/NavMesh.cpp">
      </Unit>
      <Unit filename="/home0/ar.graf/jps_all/jpscore/routing/QuickestPathRouter.cpp">
      </Unit>
      <Unit filename="/home0/ar.graf/jps_all/jpscore/routing/Router.cpp">
      </Unit>
      <Unit filename="/home0/ar.graf/jps_all/jpscore/routing/RoutingEngine.cpp">
      </Unit>
      <Unit filename="/home0/ar.graf/jps_all/jpscore/routing/SafestPathRouter.cpp">
      </Unit>
      <Unit filename="/home0/ar.graf/jps_all/jpscore/routing/cognitive_map/AbstractCognitiveMapCreator.cpp">
      </Unit>
      <Unit filename="/home0/ar.graf/jps_all/jpscore/routing/cognitive_map/CognitiveMap.cpp">
      </Unit>
      <Unit filename="/home0/ar.graf/jps_all/jpscore/routing/cognitive_map/CognitiveMapStorage.cpp">
      </Unit>
      <Unit filename="/home0/ar.graf/jps_all/jpscore/routing/cognitive_map/CompleteCognitiveMapCreator.cpp">
      </Unit>
      <Unit filename="/home0/ar.graf/jps_all/jpscore/routing/cognitive_map/EmptyCognitiveMapCreator.cpp">
      </Unit>
      <Unit filename="/home0/ar.graf/jps_all/jpscore/routing/cognitive_map/NavigationGraph.cpp">
      </Unit>
      <Unit filename="/home0/ar.graf/jps_all/jpscore/routing/cognitive_map/navigation_graph/GraphEdge.cpp">
      </Unit>
      <Unit filename="/home0/ar.graf/jps_all/jpscore/routing/cognitive_map/navigation_graph/GraphVertex.cpp">
      </Unit>
      <Unit filename="/home0/ar.graf/jps_all/jpscore/routing/cognitive_map/sensor/AbstractSensor.cpp">
      </Unit>
      <Unit filename="/home0/ar.graf/jps_all/jpscore/routing/cognitive_map/sensor/RoomToFloorSensor.cpp">
      </Unit>
      <Unit filename="/home0/ar.graf/jps_all/jpscore/routing/cognitive_map/sensor/SensorManager.cpp">
      </Unit>
      <Unit filename="/home0/ar.graf/jps_all/jpscore/routing/graph/NavLineState.cpp">
      </Unit>
      <Unit filename="/home0/ar.graf/jps_all/jpscore/routing/graph/RoutingGraph.cpp">
      </Unit>
      <Unit filename="/home0/ar.graf/jps_all/jpscore/routing/graph/RoutingGraphStorage.cpp">
      </Unit>
      <Unit filename="/home0/ar.graf/jps_all/jpscore/routing/mesh/Mesh.cpp">
      </Unit>
      <Unit filename="/home0/ar.graf/jps_all/jpscore/tinyxml/tinystr.cpp">
      </Unit>
      <Unit filename="/home0/ar.graf/jps_all/jpscore/tinyxml/tinyxml.cpp">
      </Unit>
      <Unit filename="/home0/ar.graf/jps_all/jpscore/tinyxml/tinyxmlerror.cpp">
      </Unit>
      <Unit filename="/home0/ar.graf/jps_all/jpscore/tinyxml/tinyxmlparser.cpp">
      </Unit>
      <Unit filename="/home0/ar.graf/jps_all/jpscore/IO/IODispatcher.h">
      </Unit>
      <Unit filename="/home0/ar.graf/jps_all/jpscore/IO/OutputHandler.h">
      </Unit>
      <Unit filename="/home0/ar.graf/jps_all/jpscore/IO/TraVisToClient.h">
      </Unit>
      <Unit filename="/home0/ar.graf/jps_all/jpscore/Simulation.h">
      </Unit>
      <Unit filename="/home0/ar.graf/jps_all/jpscore/events/EventManager.h">
      </Unit>
      <Unit filename="/home0/ar.graf/jps_all/jpscore/general/ArgumentParser.h">
      </Unit>
      <Unit filename="/home0/ar.graf/jps_all/jpscore/geometry/Building.h">
      </Unit>
      <Unit filename="/home0/ar.graf/jps_all/jpscore/geometry/Crossing.h">
      </Unit>
      <Unit filename="/home0/ar.graf/jps_all/jpscore/geometry/Goal.h">
      </Unit>
      <Unit filename="/home0/ar.graf/jps_all/jpscore/geometry/Hline.h">
      </Unit>
      <Unit filename="/home0/ar.graf/jps_all/jpscore/geometry/Line.h">
      </Unit>
      <Unit filename="/home0/ar.graf/jps_all/jpscore/geometry/NavLine.h">
      </Unit>
      <Unit filename="/home0/ar.graf/jps_all/jpscore/geometry/Obstacle.h">
      </Unit>
      <Unit filename="/home0/ar.graf/jps_all/jpscore/geometry/Point.h">
      </Unit>
      <Unit filename="/home0/ar.graf/jps_all/jpscore/geometry/Room.h">
      </Unit>
      <Unit filename="/home0/ar.graf/jps_all/jpscore/geometry/SubRoom.h">
      </Unit>
      <Unit filename="/home0/ar.graf/jps_all/jpscore/geometry/Transition.h">
      </Unit>
      <Unit filename="/home0/ar.graf/jps_all/jpscore/geometry/Wall.h">
      </Unit>
      <Unit filename="/home0/ar.graf/jps_all/jpscore/math/ForceModel.h">
      </Unit>
      <Unit filename="/home0/ar.graf/jps_all/jpscore/math/GCFMModel.h">
      </Unit>
      <Unit filename="/home0/ar.graf/jps_all/jpscore/math/GompertzModel.h">
      </Unit>
      <Unit filename="/home0/ar.graf/jps_all/jpscore/math/GradientModel.h">
      </Unit>
      <Unit filename="/home0/ar.graf/jps_all/jpscore/math/Mathematics.h">
      </Unit>
      <Unit filename="/home0/ar.graf/jps_all/jpscore/math/ODESolver.h">
      </Unit>
      <Unit filename="/home0/ar.graf/jps_all/jpscore/mpi/LCGrid.h">
      </Unit>
      <Unit filename="/home0/ar.graf/jps_all/jpscore/pedestrian/AgentsParameters.h">
      </Unit>
      <Unit filename="/home0/ar.graf/jps_all/jpscore/pedestrian/Ellipse.h">
      </Unit>
      <Unit filename="/home0/ar.graf/jps_all/jpscore/pedestrian/PedDistributor.h">
      </Unit>
      <Unit filename="/home0/ar.graf/jps_all/jpscore/pedestrian/Pedestrian.h">
      </Unit>
      <Unit filename="/home0/ar.graf/jps_all/jpscore/poly2tri/common/shapes.h">
      </Unit>
      <Unit filename="/home0/ar.graf/jps_all/jpscore/poly2tri/sweep/advancing_front.h">
      </Unit>
      <Unit filename="/home0/ar.graf/jps_all/jpscore/poly2tri/sweep/cdt.h">
      </Unit>
      <Unit filename="/home0/ar.graf/jps_all/jpscore/poly2tri/sweep/sweep.h">
      </Unit>
      <Unit filename="/home0/ar.graf/jps_all/jpscore/poly2tri/sweep/sweep_context.h">
      </Unit>
      <Unit filename="/home0/ar.graf/jps_all/jpscore/routing/AccessPoint.h">
      </Unit>
      <Unit filename="/home0/ar.graf/jps_all/jpscore/routing/CognitiveMapRouter.h">
      </Unit>
      <Unit filename="/home0/ar.graf/jps_all/jpscore/routing/DTriangulation.h">
      </Unit>
      <Unit filename="/home0/ar.graf/jps_all/jpscore/routing/DirectionStrategy.h">
      </Unit>
      <Unit filename="/home0/ar.graf/jps_all/jpscore/routing/DummyRouter.h">
      </Unit>
      <Unit filename="/home0/ar.graf/jps_all/jpscore/routing/GlobalRouter.h">
      </Unit>
      <Unit filename="/home0/ar.graf/jps_all/jpscore/routing/GraphRouter.h">
      </Unit>
      <Unit filename="/home0/ar.graf/jps_all/jpscore/routing/MeshRouter.h">
      </Unit>
      <Unit filename="/home0/ar.graf/jps_all/jpscore/routing/NavMesh.h">
      </Unit>
      <Unit filename="/home0/ar.graf/jps_all/jpscore/routing/QuickestPathRouter.h">
      </Unit>
      <Unit filename="/home0/ar.graf/jps_all/jpscore/routing/Router.h">
      </Unit>
      <Unit filename="/home0/ar.graf/jps_all/jpscore/routing/RoutingEngine.h">
      </Unit>
      <Unit filename="/home0/ar.graf/jps_all/jpscore/routing/SafestPathRouter.h">
      </Unit>
      <Unit filename="/home0/ar.graf/jps_all/jpscore/routing/cognitive_map/AbstractCognitiveMapCreator.h">
      </Unit>
      <Unit filename="/home0/ar.graf/jps_all/jpscore/routing/cognitive_map/CognitiveMap.h">
      </Unit>
      <Unit filename="/home0/ar.graf/jps_all/jpscore/routing/cognitive_map/CognitiveMapStorage.h">
      </Unit>
      <Unit filename="/home0/ar.graf/jps_all/jpscore/routing/cognitive_map/CompleteCognitiveMapCreator.h">
      </Unit>
      <Unit filename="/home0/ar.graf/jps_all/jpscore/routing/cognitive_map/EmptyCognitiveMapCreator.h">
      </Unit>
      <Unit filename="/home0/ar.graf/jps_all/jpscore/routing/cognitive_map/NavigationGraph.h">
      </Unit>
      <Unit filename="/home0/ar.graf/jps_all/jpscore/routing/cognitive_map/navigation_graph/GraphEdge.h">
      </Unit>
      <Unit filename="/home0/ar.graf/jps_all/jpscore/routing/cognitive_map/navigation_graph/GraphVertex.h">
      </Unit>
      <Unit filename="/home0/ar.graf/jps_all/jpscore/routing/cognitive_map/sensor/AbstractSensor.h">
      </Unit>
      <Unit filename="/home0/ar.graf/jps_all/jpscore/routing/cognitive_map/sensor/RoomToFloorSensor.h">
      </Unit>
      <Unit filename="/home0/ar.graf/jps_all/jpscore/routing/cognitive_map/sensor/SensorManager.h">
      </Unit>
      <Unit filename="/home0/ar.graf/jps_all/jpscore/routing/graph/NavLineState.h">
      </Unit>
      <Unit filename="/home0/ar.graf/jps_all/jpscore/routing/graph/RoutingGraph.h">
      </Unit>
      <Unit filename="/home0/ar.graf/jps_all/jpscore/routing/graph/RoutingGraphStorage.h">
      </Unit>
      <Unit filename="/home0/ar.graf/jps_all/jpscore/routing/mesh/Mesh.h">
      </Unit>
      <Unit filename="/home0/ar.graf/jps_all/jpscore/tinyxml/tinystr.h">
      </Unit>
      <Unit filename="/home0/ar.graf/jps_all/jpscore/tinyxml/tinyxml.h">
      </Unit>
      <Unit filename="/home0/ar.graf/jps_all/jpscore/CMakeLists.txt">
          <Option virtualFolder="CMake Files\" />
      </Unit>
      <Unit filename="/home0/ar.graf/jps_all/jpscore/Doxyfile.in">
          <Option virtualFolder="CMake Files\" />
      </Unit>
   </Project>
</CodeBlocks_project_file>
